# This file is automatically @generated by Poetry 1.7.1 and should not be changed by hand.

[[package]]
name = "black"
version = "22.1.0"
description = "The uncompromising code formatter."
optional = false
python-versions = ">=3.6.2"
files = [
    {file = "black-22.1.0-cp310-cp310-macosx_10_9_universal2.whl", hash = "sha256:1297c63b9e1b96a3d0da2d85d11cd9bf8664251fd69ddac068b98dc4f34f73b6"},
    {file = "black-22.1.0-cp310-cp310-macosx_10_9_x86_64.whl", hash = "sha256:2ff96450d3ad9ea499fc4c60e425a1439c2120cbbc1ab959ff20f7c76ec7e866"},
    {file = "black-22.1.0-cp310-cp310-macosx_11_0_arm64.whl", hash = "sha256:0e21e1f1efa65a50e3960edd068b6ae6d64ad6235bd8bfea116a03b21836af71"},
    {file = "black-22.1.0-cp310-cp310-manylinux_2_17_x86_64.manylinux2014_x86_64.whl", hash = "sha256:e2f69158a7d120fd641d1fa9a921d898e20d52e44a74a6fbbcc570a62a6bc8ab"},
    {file = "black-22.1.0-cp310-cp310-win_amd64.whl", hash = "sha256:228b5ae2c8e3d6227e4bde5920d2fc66cc3400fde7bcc74f480cb07ef0b570d5"},
    {file = "black-22.1.0-cp36-cp36m-macosx_10_9_x86_64.whl", hash = "sha256:b1a5ed73ab4c482208d20434f700d514f66ffe2840f63a6252ecc43a9bc77e8a"},
    {file = "black-22.1.0-cp36-cp36m-manylinux_2_17_x86_64.manylinux2014_x86_64.whl", hash = "sha256:35944b7100af4a985abfcaa860b06af15590deb1f392f06c8683b4381e8eeaf0"},
    {file = "black-22.1.0-cp36-cp36m-win_amd64.whl", hash = "sha256:7835fee5238fc0a0baf6c9268fb816b5f5cd9b8793423a75e8cd663c48d073ba"},
    {file = "black-22.1.0-cp37-cp37m-macosx_10_9_x86_64.whl", hash = "sha256:dae63f2dbf82882fa3b2a3c49c32bffe144970a573cd68d247af6560fc493ae1"},
    {file = "black-22.1.0-cp37-cp37m-manylinux_2_17_x86_64.manylinux2014_x86_64.whl", hash = "sha256:5fa1db02410b1924b6749c245ab38d30621564e658297484952f3d8a39fce7e8"},
    {file = "black-22.1.0-cp37-cp37m-win_amd64.whl", hash = "sha256:c8226f50b8c34a14608b848dc23a46e5d08397d009446353dad45e04af0c8e28"},
    {file = "black-22.1.0-cp38-cp38-macosx_10_9_universal2.whl", hash = "sha256:2d6f331c02f0f40aa51a22e479c8209d37fcd520c77721c034517d44eecf5912"},
    {file = "black-22.1.0-cp38-cp38-macosx_10_9_x86_64.whl", hash = "sha256:742ce9af3086e5bd07e58c8feb09dbb2b047b7f566eb5f5bc63fd455814979f3"},
    {file = "black-22.1.0-cp38-cp38-macosx_11_0_arm64.whl", hash = "sha256:fdb8754b453fb15fad3f72cd9cad3e16776f0964d67cf30ebcbf10327a3777a3"},
    {file = "black-22.1.0-cp38-cp38-manylinux_2_17_x86_64.manylinux2014_x86_64.whl", hash = "sha256:f5660feab44c2e3cb24b2419b998846cbb01c23c7fe645fee45087efa3da2d61"},
    {file = "black-22.1.0-cp38-cp38-win_amd64.whl", hash = "sha256:6f2f01381f91c1efb1451998bd65a129b3ed6f64f79663a55fe0e9b74a5f81fd"},
    {file = "black-22.1.0-cp39-cp39-macosx_10_9_universal2.whl", hash = "sha256:efbadd9b52c060a8fc3b9658744091cb33c31f830b3f074422ed27bad2b18e8f"},
    {file = "black-22.1.0-cp39-cp39-macosx_10_9_x86_64.whl", hash = "sha256:8871fcb4b447206904932b54b567923e5be802b9b19b744fdff092bd2f3118d0"},
    {file = "black-22.1.0-cp39-cp39-macosx_11_0_arm64.whl", hash = "sha256:ccad888050f5393f0d6029deea2a33e5ae371fd182a697313bdbd835d3edaf9c"},
    {file = "black-22.1.0-cp39-cp39-manylinux_2_17_x86_64.manylinux2014_x86_64.whl", hash = "sha256:07e5c049442d7ca1a2fc273c79d1aecbbf1bc858f62e8184abe1ad175c4f7cc2"},
    {file = "black-22.1.0-cp39-cp39-win_amd64.whl", hash = "sha256:373922fc66676133ddc3e754e4509196a8c392fec3f5ca4486673e685a421321"},
    {file = "black-22.1.0-py3-none-any.whl", hash = "sha256:3524739d76b6b3ed1132422bf9d82123cd1705086723bc3e235ca39fd21c667d"},
    {file = "black-22.1.0.tar.gz", hash = "sha256:a7c0192d35635f6fc1174be575cb7915e92e5dd629ee79fdaf0dcfa41a80afb5"},
]

[package.dependencies]
click = ">=8.0.0"
mypy-extensions = ">=0.4.3"
pathspec = ">=0.9.0"
platformdirs = ">=2"
tomli = ">=1.1.0"

[package.extras]
colorama = ["colorama (>=0.4.3)"]
d = ["aiohttp (>=3.7.4)"]
jupyter = ["ipython (>=7.8.0)", "tokenize-rt (>=3.2.0)"]
uvloop = ["uvloop (>=0.15.2)"]

[[package]]
name = "blue"
version = "0.9.1"
description = "Blue -- Some folks like black but I prefer blue."
optional = false
python-versions = "*"
files = [
    {file = "blue-0.9.1-py3-none-any.whl", hash = "sha256:037742c072c58a2ff024f59fb9164257b907f97f8f862008db3b013d1f27cc22"},
    {file = "blue-0.9.1.tar.gz", hash = "sha256:76b4f26884a8425042356601d80773db6e0e14bebaa7a59d7c54bf8cef2e2af5"},
]

[package.dependencies]
black = "22.1.0"
flake8 = ">=3.8,<5.0.0"

[[package]]
name = "cached-property"
version = "1.5.2"
description = "A decorator for caching properties in classes."
optional = false
python-versions = "*"
files = [
    {file = "cached-property-1.5.2.tar.gz", hash = "sha256:9fa5755838eecbb2d234c3aa390bd80fbd3ac6b6869109bfc1b499f7bd89a130"},
    {file = "cached_property-1.5.2-py2.py3-none-any.whl", hash = "sha256:df4f613cf7ad9a588cc381aaf4a512d26265ecebd5eb9e1ba12f1319eb85a6a0"},
]

[[package]]
name = "chevron"
version = "0.14.0"
description = "Mustache templating language renderer"
optional = false
python-versions = "*"
files = [
    {file = "chevron-0.14.0-py3-none-any.whl", hash = "sha256:fbf996a709f8da2e745ef763f482ce2d311aa817d287593a5b990d6d6e4f0443"},
    {file = "chevron-0.14.0.tar.gz", hash = "sha256:87613aafdf6d77b6a90ff073165a61ae5086e21ad49057aa0e53681601800ebf"},
]

[[package]]
name = "click"
version = "8.1.7"
description = "Composable command line interface toolkit"
optional = false
python-versions = ">=3.7"
files = [
    {file = "click-8.1.7-py3-none-any.whl", hash = "sha256:ae74fb96c20a0277a1d615f1e4d73c8414f5a98db8b799a7931d1582f3390c28"},
    {file = "click-8.1.7.tar.gz", hash = "sha256:ca9853ad459e787e2192211578cc907e7594e294c7ccc834310722b41b9ca6de"},
]

[package.dependencies]
colorama = {version = "*", markers = "platform_system == \"Windows\""}

[[package]]
name = "colorama"
version = "0.4.6"
description = "Cross-platform colored terminal text."
optional = false
python-versions = "!=3.0.*,!=3.1.*,!=3.2.*,!=3.3.*,!=3.4.*,!=3.5.*,!=3.6.*,>=2.7"
files = [
    {file = "colorama-0.4.6-py2.py3-none-any.whl", hash = "sha256:4f1d9991f5acc0ca119f9d443620b77f9d6b33703e51011c16baf57afb285fc6"},
    {file = "colorama-0.4.6.tar.gz", hash = "sha256:08695f5cb7ed6e0531a20572697297273c47b8cae5a63ffc6d6ed5c201be6e44"},
]

[[package]]
name = "flake8"
version = "4.0.1"
description = "the modular source code checker: pep8 pyflakes and co"
optional = false
python-versions = ">=3.6"
files = [
    {file = "flake8-4.0.1-py2.py3-none-any.whl", hash = "sha256:479b1304f72536a55948cb40a32dce8bb0ffe3501e26eaf292c7e60eb5e0428d"},
    {file = "flake8-4.0.1.tar.gz", hash = "sha256:806e034dda44114815e23c16ef92f95c91e4c71100ff52813adf7132a6ad870d"},
]

[package.dependencies]
mccabe = ">=0.6.0,<0.7.0"
pycodestyle = ">=2.8.0,<2.9.0"
pyflakes = ">=2.4.0,<2.5.0"

[[package]]
name = "frozendict"
version = "2.4.2"
description = "A simple immutable dictionary"
optional = false
python-versions = ">=3.6"
files = [
    {file = "frozendict-2.4.2-cp310-cp310-macosx_10_9_x86_64.whl", hash = "sha256:19743495b1e92a7e4db56fcd6a5d36ea1d1b0f550822d6fd780e44d58f0b8c18"},
    {file = "frozendict-2.4.2-cp310-cp310-macosx_11_0_arm64.whl", hash = "sha256:81efb4ea854a1c93d954a67389eaf78c508acb2d4768321a835cda2754ec5c01"},
    {file = "frozendict-2.4.2-cp310-cp310-manylinux_2_17_aarch64.manylinux2014_aarch64.whl", hash = "sha256:c5f1a4d9662b854dce52b560b60f51349905dc871826b8c6be20141a13067a53"},
    {file = "frozendict-2.4.2-cp310-cp310-manylinux_2_17_x86_64.manylinux2014_x86_64.whl", hash = "sha256:1412aeb325e4a28cfe32106c66c046372bb7fd5a9af1748193549c5d01a9e9c1"},
    {file = "frozendict-2.4.2-cp310-cp310-musllinux_1_1_aarch64.whl", hash = "sha256:f7ce0535f02eba9746e4e2cf0abef0f0f2051d20fdccf4af31bc3d1adecf5a71"},
    {file = "frozendict-2.4.2-cp310-cp310-musllinux_1_1_x86_64.whl", hash = "sha256:07153e6d2720fa1131bb180ce388c7042affb29561d8bcd1c0d6e683a8beaea2"},
    {file = "frozendict-2.4.2-cp310-cp310-win_amd64.whl", hash = "sha256:f7a90ea6d5248617a1222daef07d22fb146ff07635a36db327e1ce114bf3e304"},
    {file = "frozendict-2.4.2-cp310-cp310-win_arm64.whl", hash = "sha256:20a6f741c92fdeb3766924cde42b8ee445cf568e3be8aa983cb83e9fe5b61e63"},
    {file = "frozendict-2.4.2-cp36-cp36m-macosx_10_9_x86_64.whl", hash = "sha256:146129502cd9d96de64e0c8f7dc4c66422da3d4bfccf891dd80a3821b358a926"},
    {file = "frozendict-2.4.2-cp36-cp36m-manylinux_2_17_aarch64.manylinux2014_aarch64.whl", hash = "sha256:9ac1f74ccf818977abbc1868090c06436b8f06534d306f808f15cffc304ae046"},
    {file = "frozendict-2.4.2-cp36-cp36m-manylinux_2_17_x86_64.manylinux2014_x86_64.whl", hash = "sha256:7a8d2ea4f10505ad15f53ce3742420682d916d0c4d566edb8e1019756e7cea30"},
    {file = "frozendict-2.4.2-cp36-cp36m-musllinux_1_1_aarch64.whl", hash = "sha256:4a5841681e70d2862ca153543f2912e0bab034bf29e2d3610e86ea42506121c2"},
    {file = "frozendict-2.4.2-cp36-cp36m-musllinux_1_1_x86_64.whl", hash = "sha256:d4a10119f17552cbeab48d4ae830ba091c6d47616589618adc31f251184579a7"},
    {file = "frozendict-2.4.2-cp36-cp36m-win_amd64.whl", hash = "sha256:7d13ffe649e9db6f4bb5e107d9be7dfd23e13101bc69f97aa5fa6cbf6aecaadd"},
    {file = "frozendict-2.4.2-cp37-cp37m-macosx_10_9_x86_64.whl", hash = "sha256:19e64630e164a297f83e9a1c69f1cd36fa4b3d1196c1f9fc006a0385aa198ea4"},
    {file = "frozendict-2.4.2-cp37-cp37m-manylinux_2_17_aarch64.manylinux2014_aarch64.whl", hash = "sha256:bedb0a6587bae53bd53727b92a87c4cf90ad7a7e0bd2db562d439beb6982712e"},
    {file = "frozendict-2.4.2-cp37-cp37m-manylinux_2_17_x86_64.manylinux2014_x86_64.whl", hash = "sha256:83cc9d063131fd8adbeb18a473d222b5dc8301cac9505cfe578158f9a9bf55a9"},
    {file = "frozendict-2.4.2-cp37-cp37m-musllinux_1_1_aarch64.whl", hash = "sha256:92c46b155ea9eb9ecabc66ba2d9030f2634319f55c6448688965ece094f14b51"},
    {file = "frozendict-2.4.2-cp37-cp37m-musllinux_1_1_x86_64.whl", hash = "sha256:f958d40637e0440bce2453019821c94fe86cfc5f3847ae11cd4f02c3548b1d1b"},
    {file = "frozendict-2.4.2-cp37-cp37m-win_amd64.whl", hash = "sha256:ac954be447a907face9b652207fbd943b9b552212890db959ba653e8f1dc3f56"},
    {file = "frozendict-2.4.2-cp38-cp38-macosx_10_9_x86_64.whl", hash = "sha256:f7e0ff5e84742604a1b42c2de4f1e67630c0868cf52a5c585b54a99e06f6b453"},
    {file = "frozendict-2.4.2-cp38-cp38-macosx_11_0_arm64.whl", hash = "sha256:84c36bfa819cd8442f6e0bdb86413c7678b2822a46b1a22cfa0f0dd30d9e5c45"},
    {file = "frozendict-2.4.2-cp38-cp38-manylinux_2_17_aarch64.manylinux2014_aarch64.whl", hash = "sha256:cead3bfe70c90c634a9b76807c9d7e75e6c5666ec96fa2cea8e7412ccf22a1f8"},
    {file = "frozendict-2.4.2-cp38-cp38-manylinux_2_17_x86_64.manylinux2014_x86_64.whl", hash = "sha256:3fc6e3158107b5431255978b954758b1041cc70a3b8e7657373110512eb528e3"},
    {file = "frozendict-2.4.2-cp38-cp38-musllinux_1_1_aarch64.whl", hash = "sha256:4db1d6cc412bd865cab36723995208b82166a97bc6c724753bcd2b90cf24f164"},
    {file = "frozendict-2.4.2-cp38-cp38-musllinux_1_1_x86_64.whl", hash = "sha256:ff6fb5831539fffb09d71cc0cc0462b1f27c0160cb6c6fa2d1f4c1bc7fffe52a"},
    {file = "frozendict-2.4.2-cp38-cp38-win_amd64.whl", hash = "sha256:79e1c94ad2a925ad5723d82a4134c6d851d5a7bc72b7e9da8b2087c42758a512"},
    {file = "frozendict-2.4.2-cp39-cp39-macosx_10_9_x86_64.whl", hash = "sha256:34704f9ffb21448d4b5c0f9239f8f058c0efab4bfdbe2956c5be978fef0b929c"},
    {file = "frozendict-2.4.2-cp39-cp39-macosx_11_0_arm64.whl", hash = "sha256:5280d685cd1659883a3010dec843afe3065416ae92e453498997d4474a898a39"},
    {file = "frozendict-2.4.2-cp39-cp39-manylinux_2_17_aarch64.manylinux2014_aarch64.whl", hash = "sha256:4ca09a376114172e4d9918e6d576f58244c45e21f5af1245085699fd3a171c47"},
    {file = "frozendict-2.4.2-cp39-cp39-manylinux_2_17_x86_64.manylinux2014_x86_64.whl", hash = "sha256:55953aa2acf5bf183c664f3d0f540f8c8ac8f5fa97170f2098d413414318eb2b"},
    {file = "frozendict-2.4.2-cp39-cp39-musllinux_1_1_aarch64.whl", hash = "sha256:476e4857e1d87b05c9102dd5409216ce4716cb7df619e6657429bc99279303cc"},
    {file = "frozendict-2.4.2-cp39-cp39-musllinux_1_1_x86_64.whl", hash = "sha256:4a8b298f39242d25770d029588ce9d4f524e9f4edc60d2d34b6178fb07c8a93e"},
    {file = "frozendict-2.4.2-cp39-cp39-win_amd64.whl", hash = "sha256:c157b8a92743a7905b341edb0663044fecdc7780f96c59a2843d3da68d694b90"},
    {file = "frozendict-2.4.2-cp39-cp39-win_arm64.whl", hash = "sha256:cbab325c0a98b2f3ee291b36710623781b4977a3057f9103a7b0f11bcc23b177"},
    {file = "frozendict-2.4.2.tar.gz", hash = "sha256:741779e1d1a2e6bb2c623f78423bd5d14aad35dc0c57e6ccc89e54eaab5f1b8a"},
]

[[package]]
name = "genanki"
version = "0.13.1"
description = "Generate Anki decks programmatically"
optional = false
python-versions = ">=3.6"
files = [
    {file = "genanki-0.13.1-py3-none-any.whl", hash = "sha256:65b59434008588a1213b940474d1aca8cca83243af6fc0e26200b560efe4d9e3"},
    {file = "genanki-0.13.1.tar.gz", hash = "sha256:84d090423a8879520465bfe9784083edacb8d35e2ba511fa5a1bdef01d8f71ed"},
]

[package.dependencies]
cached-property = "*"
chevron = "*"
frozendict = "*"
pyyaml = "*"

[[package]]
name = "isort"
version = "5.13.2"
description = "A Python utility / library to sort Python imports."
optional = false
python-versions = ">=3.8.0"
files = [
    {file = "isort-5.13.2-py3-none-any.whl", hash = "sha256:8ca5e72a8d85860d5a3fa69b8745237f2939afe12dbf656afbcb47fe72d947a6"},
    {file = "isort-5.13.2.tar.gz", hash = "sha256:48fdfcb9face5d58a4f6dde2e72a1fb8dcaf8ab26f95ab49fab84c2ddefb0109"},
]

[package.extras]
colors = ["colorama (>=0.4.6)"]

[[package]]
name = "langcodes"
version = "3.4.0"
description = "Tools for labeling human languages with IETF language tags"
optional = false
python-versions = ">=3.8"
files = [
    {file = "langcodes-3.4.0-py3-none-any.whl", hash = "sha256:10a4cc078b8e8937d8485d3352312a0a89a3125190db9f2bb2074250eef654e9"},
    {file = "langcodes-3.4.0.tar.gz", hash = "sha256:ae5a77d1a01d0d1e91854a671890892b7ce9abb601ab7327fc5c874f899e1979"},
]

[package.dependencies]
language-data = ">=1.2"

[package.extras]
build = ["build", "twine"]
test = ["pytest", "pytest-cov"]

[[package]]
name = "language-data"
version = "1.2.0"
description = "Supplementary data about languages used by the langcodes module"
optional = false
python-versions = "*"
files = [
    {file = "language_data-1.2.0-py3-none-any.whl", hash = "sha256:77d5cab917f91ee0b2f1aa7018443e911cf8985ef734ca2ba3940770f6a3816b"},
    {file = "language_data-1.2.0.tar.gz", hash = "sha256:82a86050bbd677bfde87d97885b17566cfe75dad3ac4f5ce44b52c28f752e773"},
]

[package.dependencies]
marisa-trie = ">=0.7.7"

[package.extras]
build = ["build", "twine"]
test = ["pytest", "pytest-cov"]

[[package]]
name = "marisa-trie"
version = "1.1.0"
description = "Static memory-efficient and fast Trie-like structures for Python."
optional = false
python-versions = ">=3.7"
files = [
    {file = "marisa-trie-1.1.0.tar.gz", hash = "sha256:5bf43ed0cf36af4578fe7b034cf95f532439766516680e4bd603723611ebd56b"},
    {file = "marisa_trie-1.1.0-cp310-cp310-macosx_10_9_universal2.whl", hash = "sha256:ed1b37ef1444083ab11e15d9150861874d8dd7be70c8899eccf1b986d37823a5"},
    {file = "marisa_trie-1.1.0-cp310-cp310-macosx_10_9_x86_64.whl", hash = "sha256:119366f9db9f53242439f69c3d49a3f1a3912970bc29b9af6ed9b6d0b7ef8c9e"},
    {file = "marisa_trie-1.1.0-cp310-cp310-macosx_11_0_arm64.whl", hash = "sha256:6964bfa23af502591094712e79886974a631d8047eb72cdf646babc62b03ae5e"},
    {file = "marisa_trie-1.1.0-cp310-cp310-manylinux_2_17_x86_64.manylinux2014_x86_64.whl", hash = "sha256:ab8ec133daabb288e832d448fdff2e71756e7ba5ea7ff1b7b7645b010b2c23ac"},
    {file = "marisa_trie-1.1.0-cp310-cp310-manylinux_2_5_i686.manylinux1_i686.manylinux_2_17_i686.manylinux2014_i686.whl", hash = "sha256:61a52a0e5ef404bfdcc2117cd39cb572595ff01f73f27feb5fc9e92889adbae0"},
    {file = "marisa_trie-1.1.0-cp310-cp310-musllinux_1_1_i686.whl", hash = "sha256:9ce60c2ed4f4138ef78e346d43b105185977c6be7bce0609b48bb14092110612"},
    {file = "marisa_trie-1.1.0-cp310-cp310-musllinux_1_1_x86_64.whl", hash = "sha256:3b90a422eb660bd111ffe54290bfbabf98a30fccfe8a594a512b3ba81fda8aa5"},
    {file = "marisa_trie-1.1.0-cp310-cp310-win32.whl", hash = "sha256:6b92cd77787aeb92fd815a5ad00d4828f528d30032c1314d5f17571afe125cbe"},
    {file = "marisa_trie-1.1.0-cp310-cp310-win_amd64.whl", hash = "sha256:d415c11aada47f7f4afb818ce92e46c8f1b55611d325c09df7070088cfaa24bb"},
    {file = "marisa_trie-1.1.0-cp311-cp311-macosx_10_9_universal2.whl", hash = "sha256:68a71ebb12498ad82e1579f41efe52c91839d92c0823a79389924057094c0a68"},
    {file = "marisa_trie-1.1.0-cp311-cp311-macosx_10_9_x86_64.whl", hash = "sha256:1de6df9686175feb48f1e271a9252f6bf7ce1a4669a5bab3a97dffb8b11b13e6"},
    {file = "marisa_trie-1.1.0-cp311-cp311-macosx_11_0_arm64.whl", hash = "sha256:789374ab88afe9e8ecfbd03a213f7b11fbefb3a8286c8fad88a2da0d7e5e0ef9"},
    {file = "marisa_trie-1.1.0-cp311-cp311-manylinux_2_17_x86_64.manylinux2014_x86_64.whl", hash = "sha256:b0f1b05f7dcde6ca2b460126519a37707fde53808b9e29e6d5b44de737262104"},
    {file = "marisa_trie-1.1.0-cp311-cp311-manylinux_2_5_i686.manylinux1_i686.manylinux_2_17_i686.manylinux2014_i686.whl", hash = "sha256:312e414001e5777506f459fa3032c3a5827e80a32babfd44ab528dd0fb824e61"},
    {file = "marisa_trie-1.1.0-cp311-cp311-musllinux_1_1_i686.whl", hash = "sha256:571f68432d3dbf06b715cbb6aed1eed9898c149619045d65e6d82407d4eb4c9e"},
    {file = "marisa_trie-1.1.0-cp311-cp311-musllinux_1_1_x86_64.whl", hash = "sha256:c1d98fe7da386c7f789526d8cf0b824b87fa1019e52619f8ad5e877912cc0f71"},
    {file = "marisa_trie-1.1.0-cp311-cp311-win32.whl", hash = "sha256:953400c8d7639349df9ef3f899f67c158852416a0470e7221fb06f19e3b1d0f6"},
    {file = "marisa_trie-1.1.0-cp311-cp311-win_amd64.whl", hash = "sha256:c423e651daec5931371fa3d480fb5ac59164ed7dea968d8f51b1ba369bac4975"},
    {file = "marisa_trie-1.1.0-cp312-cp312-macosx_10_9_universal2.whl", hash = "sha256:9f4a37a17b9a551d1678b909c44841109b9979d12e72a9ed6e922a51f41889f1"},
    {file = "marisa_trie-1.1.0-cp312-cp312-macosx_10_9_x86_64.whl", hash = "sha256:bbc118727474d710851db69d2762b4a3936ad1d2ffebb519c3f8f42a925fa118"},
    {file = "marisa_trie-1.1.0-cp312-cp312-macosx_11_0_arm64.whl", hash = "sha256:8c74557386eb62ce6526a9d0ad44410530e973feee5e0cabebf57b4d72696b2a"},
    {file = "marisa_trie-1.1.0-cp312-cp312-manylinux_2_17_x86_64.manylinux2014_x86_64.whl", hash = "sha256:d4af7893ffc7099b68fd9d667fecc50d38e3e49405fcd6be97bc5ec72816ffa2"},
    {file = "marisa_trie-1.1.0-cp312-cp312-manylinux_2_5_i686.manylinux1_i686.manylinux_2_17_i686.manylinux2014_i686.whl", hash = "sha256:690eb9af9c0f4c677b74077843d0afafd08e543cdb3905b8a354aa0b0a2c06c3"},
    {file = "marisa_trie-1.1.0-cp312-cp312-musllinux_1_1_i686.whl", hash = "sha256:7e1771bedce1d9c37931c5efffac23aaed32f1364b99420673fa9417a0b5a6f1"},
    {file = "marisa_trie-1.1.0-cp312-cp312-musllinux_1_1_x86_64.whl", hash = "sha256:38a64b1b4cbab19c23cfabed654c99e072af1c574f54b57ededd81357382d679"},
    {file = "marisa_trie-1.1.0-cp312-cp312-win32.whl", hash = "sha256:92cfb535174d711c3dbb3a9f3bbbd5abd180e778cd8ba2839a34565294c33190"},
    {file = "marisa_trie-1.1.0-cp312-cp312-win_amd64.whl", hash = "sha256:9f0cd1d11f7f7022a044a32a59632f18af91ee31fa84ff98c914cb5b9fae449d"},
    {file = "marisa_trie-1.1.0-cp37-cp37m-macosx_10_9_x86_64.whl", hash = "sha256:1d95308e0453302706d5246935beb9e3255c20238a633d0637b3d345de428aa3"},
    {file = "marisa_trie-1.1.0-cp37-cp37m-manylinux_2_17_x86_64.manylinux2014_x86_64.whl", hash = "sha256:7dbff54cf950dccc8bded31ad130571330efd1d6849fbcc7825e62ac5063bd0a"},
    {file = "marisa_trie-1.1.0-cp37-cp37m-manylinux_2_5_i686.manylinux1_i686.manylinux_2_17_i686.manylinux2014_i686.whl", hash = "sha256:c14e494b28f78f806f5320f02b8625770d598bff0a4ea45f825f55257efcaf52"},
    {file = "marisa_trie-1.1.0-cp37-cp37m-musllinux_1_1_i686.whl", hash = "sha256:2484e83b9c233b337f45bb09740a74aeb510081856cdd4b293b48b970c710c1d"},
    {file = "marisa_trie-1.1.0-cp37-cp37m-musllinux_1_1_x86_64.whl", hash = "sha256:f661d79e5fef5c38ab41fd5a16c29f8bd9d46a0de6c407b88ebbf24c7637ac84"},
    {file = "marisa_trie-1.1.0-cp37-cp37m-win32.whl", hash = "sha256:5998b16395cefd76c52ce8cae35b837254ff097d3a357023f592218ff9d2112b"},
    {file = "marisa_trie-1.1.0-cp37-cp37m-win_amd64.whl", hash = "sha256:0b5d97515d9d65f237049ba01d385455fe5cc8dfb9c97b4a5b976382b9aff6c1"},
    {file = "marisa_trie-1.1.0-cp38-cp38-macosx_10_9_universal2.whl", hash = "sha256:4407e7ec82cdb501015188f1895bbdcac1a5ecb0e5ecc5cbbba028d5940499f2"},
    {file = "marisa_trie-1.1.0-cp38-cp38-macosx_10_9_x86_64.whl", hash = "sha256:de62a115afd157fe6cfc8e4194905605c4603c6664eac30788f3f6866b67345f"},
    {file = "marisa_trie-1.1.0-cp38-cp38-macosx_11_0_arm64.whl", hash = "sha256:d7e17abb08ada031c86835e358242b6a2dc6645e1a872e30e1ce1c1b1cd6317d"},
    {file = "marisa_trie-1.1.0-cp38-cp38-manylinux_2_17_x86_64.manylinux2014_x86_64.whl", hash = "sha256:ac288cb48e09927d96d00f4b2ad7bbfad91ce2e20fc6e6bb8b61dda05dbc28d2"},
    {file = "marisa_trie-1.1.0-cp38-cp38-manylinux_2_5_i686.manylinux1_i686.manylinux_2_17_i686.manylinux2014_i686.whl", hash = "sha256:da0d59b93a327d772b49d9a79ef11f2e1c23aaafcefeab95376447794318d189"},
    {file = "marisa_trie-1.1.0-cp38-cp38-musllinux_1_1_i686.whl", hash = "sha256:d810f95a548751484bd57cfe5940ea5423d4e39678a10c9582b3f102fac27bbe"},
    {file = "marisa_trie-1.1.0-cp38-cp38-musllinux_1_1_x86_64.whl", hash = "sha256:521a954dd469a336e3c8a307f7fe7ba272032d77cc8f801edebf2d11549ac1c2"},
    {file = "marisa_trie-1.1.0-cp38-cp38-win32.whl", hash = "sha256:1b25422875673ca5a15e236f2158f6a277f7252057272bb0b51272f4a9d3c401"},
    {file = "marisa_trie-1.1.0-cp38-cp38-win_amd64.whl", hash = "sha256:c80b85559e09ec7f69b9f623ea06fd5cfe25ead20bb4a09c20e879cd1851db35"},
    {file = "marisa_trie-1.1.0-cp39-cp39-macosx_10_9_universal2.whl", hash = "sha256:844a56eebe32b098b6d97af28bfa9ca576400b5560be8a09c021a521faadee4a"},
    {file = "marisa_trie-1.1.0-cp39-cp39-macosx_10_9_x86_64.whl", hash = "sha256:917ef793e0e90bd01fc436cebf93707de1ac31f2feadc4d4b0ddbdb9522617d5"},
    {file = "marisa_trie-1.1.0-cp39-cp39-macosx_11_0_arm64.whl", hash = "sha256:e09cb17288a5a43431e23737d2d91bd54e6d694380740267960dbc7ab96ad69d"},
    {file = "marisa_trie-1.1.0-cp39-cp39-manylinux_2_17_x86_64.manylinux2014_x86_64.whl", hash = "sha256:5353d3c8c48524aac40c325794d6227c59e517a68746d3a0524608a20438a1e9"},
    {file = "marisa_trie-1.1.0-cp39-cp39-manylinux_2_5_i686.manylinux1_i686.manylinux_2_17_i686.manylinux2014_i686.whl", hash = "sha256:2d4dd18d1c67a949eeaba16385ab2c1a3e1eb7a2acb982c3744193a59df30cfd"},
    {file = "marisa_trie-1.1.0-cp39-cp39-musllinux_1_1_i686.whl", hash = "sha256:4a9a17507211700c77849d1caf4e6a64756536e491327cda3ea12259ce70eae5"},
    {file = "marisa_trie-1.1.0-cp39-cp39-musllinux_1_1_x86_64.whl", hash = "sha256:6699b0d3ca090172713bfbb9ef8063bfe27cae8d05121d5f71d1c4048b57936d"},
    {file = "marisa_trie-1.1.0-cp39-cp39-win32.whl", hash = "sha256:b4450a4917af45614edc3da1ab1b927b96de01e5742719c330e6d4a0e36fee7d"},
    {file = "marisa_trie-1.1.0-cp39-cp39-win_amd64.whl", hash = "sha256:89ba0ba6a05683d1ea966afe7aeae114d13fd8f354c6692a90bc2b181657ccbf"},
    {file = "marisa_trie-1.1.0-pp310-pypy310_pp73-macosx_10_9_x86_64.whl", hash = "sha256:10665a17a7965c2a49b2dda6beb14cf206f6932f013ca0337105a8744d67395d"},
    {file = "marisa_trie-1.1.0-pp310-pypy310_pp73-manylinux_2_17_x86_64.manylinux2014_x86_64.whl", hash = "sha256:86365aac6dde7228b0090d0e993f3ed557a43111cbe3b397f1bad77febbab342"},
    {file = "marisa_trie-1.1.0-pp310-pypy310_pp73-manylinux_2_5_i686.manylinux1_i686.manylinux_2_17_i686.manylinux2014_i686.whl", hash = "sha256:086d7c2b45b03185c70431450e7b92e76d3f3333074bf9b3aabb2eb6e1b85f89"},
    {file = "marisa_trie-1.1.0-pp310-pypy310_pp73-win_amd64.whl", hash = "sha256:9e5450eb023bf7a232cdaaf18fbe67fe45ed724d5cb30dd35f48c3a723ad3a4f"},
    {file = "marisa_trie-1.1.0-pp37-pypy37_pp73-macosx_10_9_x86_64.whl", hash = "sha256:206db942691d82310cdb6c59e34acbe648766ddb569c13de8b534e17892c608c"},
    {file = "marisa_trie-1.1.0-pp37-pypy37_pp73-manylinux_2_17_x86_64.manylinux2014_x86_64.whl", hash = "sha256:7ff2e12de8aea7fde90b4128bb8340a99cfb4a55e4c41b6336d187660e899385"},
    {file = "marisa_trie-1.1.0-pp37-pypy37_pp73-manylinux_2_5_i686.manylinux1_i686.manylinux_2_17_i686.manylinux2014_i686.whl", hash = "sha256:5b8652141e4623b36017275a6ae6efe7a2ece3b304b984d4f66acb620a78eed9"},
    {file = "marisa_trie-1.1.0-pp37-pypy37_pp73-win_amd64.whl", hash = "sha256:7916ddd3cf621a20285256e4e5e5e7e6c86aa29356faa31cc8de535b8b71afe3"},
    {file = "marisa_trie-1.1.0-pp38-pypy38_pp73-macosx_10_9_x86_64.whl", hash = "sha256:2c57f2d6caa71829973a18b80c70b422337328686d3c7ea4519082f0b291fa01"},
    {file = "marisa_trie-1.1.0-pp38-pypy38_pp73-manylinux_2_17_x86_64.manylinux2014_x86_64.whl", hash = "sha256:dd45429b25098034a9ca2fc78877e3edc9d59f88ca8b3c69cff5f299c728d771"},
    {file = "marisa_trie-1.1.0-pp38-pypy38_pp73-manylinux_2_5_i686.manylinux1_i686.manylinux_2_17_i686.manylinux2014_i686.whl", hash = "sha256:71ee2edb2574b87a2173d64dd3f79c8e1af2e8d7bd1469bdcfe5fd895ada913a"},
    {file = "marisa_trie-1.1.0-pp38-pypy38_pp73-win_amd64.whl", hash = "sha256:427ce824566382309a300a8d080a84ccf6795325204c834839bdcb41203591f4"},
    {file = "marisa_trie-1.1.0-pp39-pypy39_pp73-macosx_10_9_x86_64.whl", hash = "sha256:37fcb2265d73a5c04829b25af7cdf819a27d71a898a6e1b54822e006f1843c94"},
    {file = "marisa_trie-1.1.0-pp39-pypy39_pp73-manylinux_2_17_x86_64.manylinux2014_x86_64.whl", hash = "sha256:9b34ea73a92c35577171bf9d8216e6c57acdf08b77b5d84f1efad8cf721159da"},
    {file = "marisa_trie-1.1.0-pp39-pypy39_pp73-manylinux_2_5_i686.manylinux1_i686.manylinux_2_17_i686.manylinux2014_i686.whl", hash = "sha256:fdd7445f2f2785c02c18d46acf0c14baffafa6e7e73b3e9052b512e1f7dadbb3"},
    {file = "marisa_trie-1.1.0-pp39-pypy39_pp73-win_amd64.whl", hash = "sha256:e0f4c47fca455bd75cab9e2181138d3978721ed546e2ed18e83b0852c49eca4f"},
]

[package.dependencies]
setuptools = "*"

[package.extras]
test = ["hypothesis", "pytest", "readme-renderer"]

[[package]]
name = "mccabe"
version = "0.6.1"
description = "McCabe checker, plugin for flake8"
optional = false
python-versions = "*"
files = [
    {file = "mccabe-0.6.1-py2.py3-none-any.whl", hash = "sha256:ab8a6258860da4b6677da4bd2fe5dc2c659cff31b3ee4f7f5d64e79735b80d42"},
    {file = "mccabe-0.6.1.tar.gz", hash = "sha256:dd8d182285a0fe56bace7f45b5e7d1a6ebcbf524e8f3bd87eb0f125271b8831f"},
]

[[package]]
name = "mypy-extensions"
version = "1.0.0"
description = "Type system extensions for programs checked with the mypy type checker."
optional = false
python-versions = ">=3.5"
files = [
    {file = "mypy_extensions-1.0.0-py3-none-any.whl", hash = "sha256:4392f6c0eb8a5668a69e23d168ffa70f0be9ccfd32b5cc2d26a34ae5b844552d"},
    {file = "mypy_extensions-1.0.0.tar.gz", hash = "sha256:75dbf8955dc00442a438fc4d0666508a9a97b6bd41aa2f0ffe9d2f2725af0782"},
]

[[package]]
name = "pathspec"
version = "0.12.1"
description = "Utility library for gitignore style pattern matching of file paths."
optional = false
python-versions = ">=3.8"
files = [
    {file = "pathspec-0.12.1-py3-none-any.whl", hash = "sha256:a0d503e138a4c123b27490a4f7beda6a01c6f288df0e4a8b79c7eb0dc7b4cc08"},
    {file = "pathspec-0.12.1.tar.gz", hash = "sha256:a482d51503a1ab33b1c67a6c3813a26953dbdc71c31dacaef9a838c4e29f5712"},
]

[[package]]
name = "platformdirs"
version = "4.2.1"
description = "A small Python package for determining appropriate platform-specific dirs, e.g. a `user data dir`."
optional = false
python-versions = ">=3.8"
files = [
    {file = "platformdirs-4.2.1-py3-none-any.whl", hash = "sha256:17d5a1161b3fd67b390023cb2d3b026bbd40abde6fdb052dfbd3a29c3ba22ee1"},
    {file = "platformdirs-4.2.1.tar.gz", hash = "sha256:031cd18d4ec63ec53e82dceaac0417d218a6863f7745dfcc9efe7793b7039bdf"},
]

[package.extras]
docs = ["furo (>=2023.9.10)", "proselint (>=0.13)", "sphinx (>=7.2.6)", "sphinx-autodoc-typehints (>=1.25.2)"]
test = ["appdirs (==1.4.4)", "covdefaults (>=2.3)", "pytest (>=7.4.3)", "pytest-cov (>=4.1)", "pytest-mock (>=3.12)"]
type = ["mypy (>=1.8)"]

[[package]]
name = "pycodestyle"
version = "2.8.0"
description = "Python style guide checker"
optional = false
python-versions = ">=2.7, !=3.0.*, !=3.1.*, !=3.2.*, !=3.3.*, !=3.4.*"
files = [
    {file = "pycodestyle-2.8.0-py2.py3-none-any.whl", hash = "sha256:720f8b39dde8b293825e7ff02c475f3077124006db4f440dcbc9a20b76548a20"},
    {file = "pycodestyle-2.8.0.tar.gz", hash = "sha256:eddd5847ef438ea1c7870ca7eb78a9d47ce0cdb4851a5523949f2601d0cbbe7f"},
]

[[package]]
name = "pyflakes"
version = "2.4.0"
description = "passive checker of Python programs"
optional = false
python-versions = ">=2.7, !=3.0.*, !=3.1.*, !=3.2.*, !=3.3.*"
files = [
    {file = "pyflakes-2.4.0-py2.py3-none-any.whl", hash = "sha256:3bb3a3f256f4b7968c9c788781e4ff07dce46bdf12339dcda61053375426ee2e"},
    {file = "pyflakes-2.4.0.tar.gz", hash = "sha256:05a85c2872edf37a4ed30b0cce2f6093e1d0581f8c19d7393122da7e25b2b24c"},
]

[[package]]
name = "pyyaml"
version = "6.0.1"
description = "YAML parser and emitter for Python"
optional = false
python-versions = ">=3.6"
files = [
    {file = "PyYAML-6.0.1-cp310-cp310-macosx_10_9_x86_64.whl", hash = "sha256:d858aa552c999bc8a8d57426ed01e40bef403cd8ccdd0fc5f6f04a00414cac2a"},
    {file = "PyYAML-6.0.1-cp310-cp310-macosx_11_0_arm64.whl", hash = "sha256:fd66fc5d0da6d9815ba2cebeb4205f95818ff4b79c3ebe268e75d961704af52f"},
    {file = "PyYAML-6.0.1-cp310-cp310-manylinux_2_17_aarch64.manylinux2014_aarch64.whl", hash = "sha256:69b023b2b4daa7548bcfbd4aa3da05b3a74b772db9e23b982788168117739938"},
    {file = "PyYAML-6.0.1-cp310-cp310-manylinux_2_17_s390x.manylinux2014_s390x.whl", hash = "sha256:81e0b275a9ecc9c0c0c07b4b90ba548307583c125f54d5b6946cfee6360c733d"},
    {file = "PyYAML-6.0.1-cp310-cp310-manylinux_2_17_x86_64.manylinux2014_x86_64.whl", hash = "sha256:ba336e390cd8e4d1739f42dfe9bb83a3cc2e80f567d8805e11b46f4a943f5515"},
    {file = "PyYAML-6.0.1-cp310-cp310-musllinux_1_1_x86_64.whl", hash = "sha256:326c013efe8048858a6d312ddd31d56e468118ad4cdeda36c719bf5bb6192290"},
    {file = "PyYAML-6.0.1-cp310-cp310-win32.whl", hash = "sha256:bd4af7373a854424dabd882decdc5579653d7868b8fb26dc7d0e99f823aa5924"},
    {file = "PyYAML-6.0.1-cp310-cp310-win_amd64.whl", hash = "sha256:fd1592b3fdf65fff2ad0004b5e363300ef59ced41c2e6b3a99d4089fa8c5435d"},
    {file = "PyYAML-6.0.1-cp311-cp311-macosx_10_9_x86_64.whl", hash = "sha256:6965a7bc3cf88e5a1c3bd2e0b5c22f8d677dc88a455344035f03399034eb3007"},
    {file = "PyYAML-6.0.1-cp311-cp311-macosx_11_0_arm64.whl", hash = "sha256:f003ed9ad21d6a4713f0a9b5a7a0a79e08dd0f221aff4525a2be4c346ee60aab"},
    {file = "PyYAML-6.0.1-cp311-cp311-manylinux_2_17_aarch64.manylinux2014_aarch64.whl", hash = "sha256:42f8152b8dbc4fe7d96729ec2b99c7097d656dc1213a3229ca5383f973a5ed6d"},
    {file = "PyYAML-6.0.1-cp311-cp311-manylinux_2_17_s390x.manylinux2014_s390x.whl", hash = "sha256:062582fca9fabdd2c8b54a3ef1c978d786e0f6b3a1510e0ac93ef59e0ddae2bc"},
    {file = "PyYAML-6.0.1-cp311-cp311-manylinux_2_17_x86_64.manylinux2014_x86_64.whl", hash = "sha256:d2b04aac4d386b172d5b9692e2d2da8de7bfb6c387fa4f801fbf6fb2e6ba4673"},
    {file = "PyYAML-6.0.1-cp311-cp311-musllinux_1_1_x86_64.whl", hash = "sha256:e7d73685e87afe9f3b36c799222440d6cf362062f78be1013661b00c5c6f678b"},
    {file = "PyYAML-6.0.1-cp311-cp311-win32.whl", hash = "sha256:1635fd110e8d85d55237ab316b5b011de701ea0f29d07611174a1b42f1444741"},
    {file = "PyYAML-6.0.1-cp311-cp311-win_amd64.whl", hash = "sha256:bf07ee2fef7014951eeb99f56f39c9bb4af143d8aa3c21b1677805985307da34"},
    {file = "PyYAML-6.0.1-cp312-cp312-macosx_10_9_x86_64.whl", hash = "sha256:855fb52b0dc35af121542a76b9a84f8d1cd886ea97c84703eaa6d88e37a2ad28"},
    {file = "PyYAML-6.0.1-cp312-cp312-macosx_11_0_arm64.whl", hash = "sha256:40df9b996c2b73138957fe23a16a4f0ba614f4c0efce1e9406a184b6d07fa3a9"},
    {file = "PyYAML-6.0.1-cp312-cp312-manylinux_2_17_aarch64.manylinux2014_aarch64.whl", hash = "sha256:a08c6f0fe150303c1c6b71ebcd7213c2858041a7e01975da3a99aed1e7a378ef"},
    {file = "PyYAML-6.0.1-cp312-cp312-manylinux_2_17_x86_64.manylinux2014_x86_64.whl", hash = "sha256:6c22bec3fbe2524cde73d7ada88f6566758a8f7227bfbf93a408a9d86bcc12a0"},
    {file = "PyYAML-6.0.1-cp312-cp312-musllinux_1_1_x86_64.whl", hash = "sha256:8d4e9c88387b0f5c7d5f281e55304de64cf7f9c0021a3525bd3b1c542da3b0e4"},
    {file = "PyYAML-6.0.1-cp312-cp312-win32.whl", hash = "sha256:d483d2cdf104e7c9fa60c544d92981f12ad66a457afae824d146093b8c294c54"},
    {file = "PyYAML-6.0.1-cp312-cp312-win_amd64.whl", hash = "sha256:0d3304d8c0adc42be59c5f8a4d9e3d7379e6955ad754aa9d6ab7a398b59dd1df"},
    {file = "PyYAML-6.0.1-cp36-cp36m-macosx_10_9_x86_64.whl", hash = "sha256:50550eb667afee136e9a77d6dc71ae76a44df8b3e51e41b77f6de2932bfe0f47"},
    {file = "PyYAML-6.0.1-cp36-cp36m-manylinux_2_17_aarch64.manylinux2014_aarch64.whl", hash = "sha256:1fe35611261b29bd1de0070f0b2f47cb6ff71fa6595c077e42bd0c419fa27b98"},
    {file = "PyYAML-6.0.1-cp36-cp36m-manylinux_2_17_s390x.manylinux2014_s390x.whl", hash = "sha256:704219a11b772aea0d8ecd7058d0082713c3562b4e271b849ad7dc4a5c90c13c"},
    {file = "PyYAML-6.0.1-cp36-cp36m-manylinux_2_17_x86_64.manylinux2014_x86_64.whl", hash = "sha256:afd7e57eddb1a54f0f1a974bc4391af8bcce0b444685d936840f125cf046d5bd"},
    {file = "PyYAML-6.0.1-cp36-cp36m-win32.whl", hash = "sha256:fca0e3a251908a499833aa292323f32437106001d436eca0e6e7833256674585"},
    {file = "PyYAML-6.0.1-cp36-cp36m-win_amd64.whl", hash = "sha256:f22ac1c3cac4dbc50079e965eba2c1058622631e526bd9afd45fedd49ba781fa"},
    {file = "PyYAML-6.0.1-cp37-cp37m-macosx_10_9_x86_64.whl", hash = "sha256:b1275ad35a5d18c62a7220633c913e1b42d44b46ee12554e5fd39c70a243d6a3"},
    {file = "PyYAML-6.0.1-cp37-cp37m-manylinux_2_17_aarch64.manylinux2014_aarch64.whl", hash = "sha256:18aeb1bf9a78867dc38b259769503436b7c72f7a1f1f4c93ff9a17de54319b27"},
    {file = "PyYAML-6.0.1-cp37-cp37m-manylinux_2_17_s390x.manylinux2014_s390x.whl", hash = "sha256:596106435fa6ad000c2991a98fa58eeb8656ef2325d7e158344fb33864ed87e3"},
    {file = "PyYAML-6.0.1-cp37-cp37m-manylinux_2_17_x86_64.manylinux2014_x86_64.whl", hash = "sha256:baa90d3f661d43131ca170712d903e6295d1f7a0f595074f151c0aed377c9b9c"},
    {file = "PyYAML-6.0.1-cp37-cp37m-win32.whl", hash = "sha256:9046c58c4395dff28dd494285c82ba00b546adfc7ef001486fbf0324bc174fba"},
    {file = "PyYAML-6.0.1-cp37-cp37m-win_amd64.whl", hash = "sha256:4fb147e7a67ef577a588a0e2c17b6db51dda102c71de36f8549b6816a96e1867"},
    {file = "PyYAML-6.0.1-cp38-cp38-macosx_10_9_x86_64.whl", hash = "sha256:1d4c7e777c441b20e32f52bd377e0c409713e8bb1386e1099c2415f26e479595"},
    {file = "PyYAML-6.0.1-cp38-cp38-manylinux_2_17_aarch64.manylinux2014_aarch64.whl", hash = "sha256:a0cd17c15d3bb3fa06978b4e8958dcdc6e0174ccea823003a106c7d4d7899ac5"},
    {file = "PyYAML-6.0.1-cp38-cp38-manylinux_2_17_s390x.manylinux2014_s390x.whl", hash = "sha256:28c119d996beec18c05208a8bd78cbe4007878c6dd15091efb73a30e90539696"},
    {file = "PyYAML-6.0.1-cp38-cp38-manylinux_2_17_x86_64.manylinux2014_x86_64.whl", hash = "sha256:7e07cbde391ba96ab58e532ff4803f79c4129397514e1413a7dc761ccd755735"},
    {file = "PyYAML-6.0.1-cp38-cp38-musllinux_1_1_x86_64.whl", hash = "sha256:49a183be227561de579b4a36efbb21b3eab9651dd81b1858589f796549873dd6"},
    {file = "PyYAML-6.0.1-cp38-cp38-win32.whl", hash = "sha256:184c5108a2aca3c5b3d3bf9395d50893a7ab82a38004c8f61c258d4428e80206"},
    {file = "PyYAML-6.0.1-cp38-cp38-win_amd64.whl", hash = "sha256:1e2722cc9fbb45d9b87631ac70924c11d3a401b2d7f410cc0e3bbf249f2dca62"},
    {file = "PyYAML-6.0.1-cp39-cp39-macosx_10_9_x86_64.whl", hash = "sha256:9eb6caa9a297fc2c2fb8862bc5370d0303ddba53ba97e71f08023b6cd73d16a8"},
    {file = "PyYAML-6.0.1-cp39-cp39-macosx_11_0_arm64.whl", hash = "sha256:c8098ddcc2a85b61647b2590f825f3db38891662cfc2fc776415143f599bb859"},
    {file = "PyYAML-6.0.1-cp39-cp39-manylinux_2_17_aarch64.manylinux2014_aarch64.whl", hash = "sha256:5773183b6446b2c99bb77e77595dd486303b4faab2b086e7b17bc6bef28865f6"},
    {file = "PyYAML-6.0.1-cp39-cp39-manylinux_2_17_s390x.manylinux2014_s390x.whl", hash = "sha256:b786eecbdf8499b9ca1d697215862083bd6d2a99965554781d0d8d1ad31e13a0"},
    {file = "PyYAML-6.0.1-cp39-cp39-manylinux_2_17_x86_64.manylinux2014_x86_64.whl", hash = "sha256:bc1bf2925a1ecd43da378f4db9e4f799775d6367bdb94671027b73b393a7c42c"},
    {file = "PyYAML-6.0.1-cp39-cp39-musllinux_1_1_x86_64.whl", hash = "sha256:04ac92ad1925b2cff1db0cfebffb6ffc43457495c9b3c39d3fcae417d7125dc5"},
    {file = "PyYAML-6.0.1-cp39-cp39-win32.whl", hash = "sha256:faca3bdcf85b2fc05d06ff3fbc1f83e1391b3e724afa3feba7d13eeab355484c"},
    {file = "PyYAML-6.0.1-cp39-cp39-win_amd64.whl", hash = "sha256:510c9deebc5c0225e8c96813043e62b680ba2f9c50a08d3724c7f28a747d1486"},
    {file = "PyYAML-6.0.1.tar.gz", hash = "sha256:bfdf460b1736c775f2ba9f6a92bca30bc2095067b8a9d77876d1fad6cc3b4a43"},
]

[[package]]
name = "setuptools"
version = "69.5.1"
description = "Easily download, build, install, upgrade, and uninstall Python packages"
optional = false
python-versions = ">=3.8"
files = [
    {file = "setuptools-69.5.1-py3-none-any.whl", hash = "sha256:c636ac361bc47580504644275c9ad802c50415c7522212252c033bd15f301f32"},
    {file = "setuptools-69.5.1.tar.gz", hash = "sha256:6c1fccdac05a97e598fb0ae3bbed5904ccb317337a51139dcd51453611bbb987"},
]

[package.extras]
docs = ["furo", "jaraco.packaging (>=9.3)", "jaraco.tidelift (>=1.4)", "pygments-github-lexers (==0.0.5)", "rst.linker (>=1.9)", "sphinx (>=3.5)", "sphinx-favicon", "sphinx-inline-tabs", "sphinx-lint", "sphinx-notfound-page (>=1,<2)", "sphinx-reredirects", "sphinxcontrib-towncrier"]
testing = ["build[virtualenv]", "filelock (>=3.4.0)", "importlib-metadata", "ini2toml[lite] (>=0.9)", "jaraco.develop (>=7.21)", "jaraco.envs (>=2.2)", "jaraco.path (>=3.2.0)", "mypy (==1.9)", "packaging (>=23.2)", "pip (>=19.1)", "pytest (>=6,!=8.1.1)", "pytest-checkdocs (>=2.4)", "pytest-cov", "pytest-enabler (>=2.2)", "pytest-home (>=0.5)", "pytest-mypy", "pytest-perf", "pytest-ruff (>=0.2.1)", "pytest-timeout", "pytest-xdist (>=3)", "tomli", "tomli-w (>=1.0.0)", "virtualenv (>=13.0.0)", "wheel"]
testing-integration = ["build[virtualenv] (>=1.0.3)", "filelock (>=3.4.0)", "jaraco.envs (>=2.2)", "jaraco.path (>=3.2.0)", "packaging (>=23.2)", "pytest", "pytest-enabler", "pytest-xdist", "tomli", "virtualenv (>=13.0.0)", "wheel"]

[[package]]
name = "tomli"
version = "2.0.1"
description = "A lil' TOML parser"
optional = false
python-versions = ">=3.7"
files = [
    {file = "tomli-2.0.1-py3-none-any.whl", hash = "sha256:939de3e7a6161af0c887ef91b7d41a53e7c5a1ca976325f429cb46ea9bc30ecc"},
    {file = "tomli-2.0.1.tar.gz", hash = "sha256:de526c12914f0c550d15924c62d72abc48d6fe7364aa87328337a31007fe8a4f"},
]

[metadata]
lock-version = "2.0"
python-versions = "^3.10"
content-hash = "fba01b62384fdb3ef94e7319f4374e9ed7497a1be308f90fe40cb0ff69ba5400"
